
Microsoft Visual Studio Solution File, Format Version 12.00
# Visual Studio Version 16
VisualStudioVersion = 25.0.1706.5
MinimumVisualStudioVersion = 10.0.40219.1
Project("{FAE04EC0-301F-11D3-BF4B-00C04F79EFBC}") = "Group_26_Final_Project", "Group_26_Final_Project\Group_26_Final_Project.csproj", "{CC3360EF-9297-4A1B-AE6C-7DE01ED1F388}"
EndProject
Global
	GlobalSection(SolutionConfigurationPlatforms) = preSolution
		Debug|Any CPU = Debug|Any CPU
		Release|Any CPU = Release|Any CPU
	EndGlobalSection
	GlobalSection(ProjectConfigurationPlatforms) = postSolution
		{CC3360EF-9297-4A1B-AE6C-7DE01ED1F388}.Debug|Any CPU.ActiveCfg = Debug|Any CPU
		{CC3360EF-9297-4A1B-AE6C-7DE01ED1F388}.Debug|Any CPU.Build.0 = Debug|Any CPU
		{CC3360EF-9297-4A1B-AE6C-7DE01ED1F388}.Release|Any CPU.ActiveCfg = Release|Any CPU
		{CC3360EF-9297-4A1B-AE6C-7DE01ED1F388}.Release|Any CPU.Build.0 = Release|Any CPU
	EndGlobalSection
	GlobalSection(SolutionProperties) = preSolution
		HideSolutionNode = FALSE
	EndGlobalSection
	GlobalSection(ExtensibilityGlobals) = postSolution
		SolutionGuid = {B541A92E-3954-4EBE-818F-EA1FE79253DF}
	EndGlobalSection
EndGlobal
